// !$*UTF8*$!
{
	archiveVersion = 1;
	classes = {
	};
	objectVersion = 56;
	objects = {

/* Begin PBXBuildFile section */
		B046E4B52CA5969600B8FC6E /* HikeBadge.swift in Sources */ = {isa = PBXBuildFile; fileRef = B046E4B42CA5969600B8FC6E /* HikeBadge.swift */; };
		B046E4B72CA59B1200B8FC6E /* ProfileEditor.swift in Sources */ = {isa = PBXBuildFile; fileRef = B046E4B62CA59B1200B8FC6E /* ProfileEditor.swift */; };
		B0A986942C4D06430059C64A /* FavoriteButton.swift in Sources */ = {isa = PBXBuildFile; fileRef = B0A986932C4D06430059C64A /* FavoriteButton.swift */; };
		B0C35F872C5E20A900555572 /* Profile.swift in Sources */ = {isa = PBXBuildFile; fileRef = B0C35F862C5E20A900555572 /* Profile.swift */; };
		B0C35F8A2C5E210300555572 /* ProfileHost.swift in Sources */ = {isa = PBXBuildFile; fileRef = B0C35F892C5E210300555572 /* ProfileHost.swift */; };
		B0C35F8C2C5E219600555572 /* ProfileSummary.swift in Sources */ = {isa = PBXBuildFile; fileRef = B0C35F8B2C5E219600555572 /* ProfileSummary.swift */; };
		B0C35F8E2C5E22A200555572 /* HexagonParameters.swift in Sources */ = {isa = PBXBuildFile; fileRef = B0C35F8D2C5E22A200555572 /* HexagonParameters.swift */; };
		B0C35F902C5E239600555572 /* BadgeBackground.swift in Sources */ = {isa = PBXBuildFile; fileRef = B0C35F8F2C5E239600555572 /* BadgeBackground.swift */; };
		B0C35F922C5F43AA00555572 /* BadgeSymbol.swift in Sources */ = {isa = PBXBuildFile; fileRef = B0C35F912C5F43AA00555572 /* BadgeSymbol.swift */; };
		B0C35F942C5F49D100555572 /* RotatedBadgeSymbol.swift in Sources */ = {isa = PBXBuildFile; fileRef = B0C35F932C5F49D100555572 /* RotatedBadgeSymbol.swift */; };
		B0C35F962C5F4A8C00555572 /* Badge.swift in Sources */ = {isa = PBXBuildFile; fileRef = B0C35F952C5F4A8C00555572 /* Badge.swift */; };
		B0C35F992C5F4E5400555572 /* hikeData.json in Resources */ = {isa = PBXBuildFile; fileRef = B0C35F982C5F4E5400555572 /* hikeData.json */; };
		B0C35F9B2C5F4E7100555572 /* Hike.swift in Sources */ = {isa = PBXBuildFile; fileRef = B0C35F9A2C5F4E7100555572 /* Hike.swift */; };
		B0C35FA12C5F4F2D00555572 /* GraphCapsule.swift in Sources */ = {isa = PBXBuildFile; fileRef = B0C35F9D2C5F4F2D00555572 /* GraphCapsule.swift */; };
		B0C35FA22C5F4F2D00555572 /* HikeGraph.swift in Sources */ = {isa = PBXBuildFile; fileRef = B0C35F9E2C5F4F2D00555572 /* HikeGraph.swift */; };
		B0C35FA32C5F4F2D00555572 /* HikeDetail.swift in Sources */ = {isa = PBXBuildFile; fileRef = B0C35F9F2C5F4F2D00555572 /* HikeDetail.swift */; };
		B0C35FA42C5F4F2D00555572 /* HikeView.swift in Sources */ = {isa = PBXBuildFile; fileRef = B0C35FA02C5F4F2D00555572 /* HikeView.swift */; };
		B0C35FB22C5F965E00555572 /* CategoryHome.swift in Sources */ = {isa = PBXBuildFile; fileRef = B0C35FB12C5F965E00555572 /* CategoryHome.swift */; };
		B0C35FB42C5FB41400555572 /* CategoryRow.swift in Sources */ = {isa = PBXBuildFile; fileRef = B0C35FB32C5FB41400555572 /* CategoryRow.swift */; };
		B0C35FB62C5FB61600555572 /* CategoryItem.swift in Sources */ = {isa = PBXBuildFile; fileRef = B0C35FB52C5FB61600555572 /* CategoryItem.swift */; };
		B0FA2FDE2C393FDE00F1A00E /* LandmarksApp.swift in Sources */ = {isa = PBXBuildFile; fileRef = B0FA2FDD2C393FDE00F1A00E /* LandmarksApp.swift */; };
		B0FA2FE02C393FDE00F1A00E /* ContentView.swift in Sources */ = {isa = PBXBuildFile; fileRef = B0FA2FDF2C393FDE00F1A00E /* ContentView.swift */; };
		B0FA2FE22C393FE000F1A00E /* Assets.xcassets in Resources */ = {isa = PBXBuildFile; fileRef = B0FA2FE12C393FE000F1A00E /* Assets.xcassets */; };
		B0FA2FE52C393FE000F1A00E /* Preview Assets.xcassets in Resources */ = {isa = PBXBuildFile; fileRef = B0FA2FE42C393FE000F1A00E /* Preview Assets.xcassets */; };
		B0FA2FEC2C3942DF00F1A00E /* CircleImage.swift in Sources */ = {isa = PBXBuildFile; fileRef = B0FA2FEB2C3942DF00F1A00E /* CircleImage.swift */; };
		B0FA2FEE2C3943D700F1A00E /* MapView.swift in Sources */ = {isa = PBXBuildFile; fileRef = B0FA2FED2C3943D700F1A00E /* MapView.swift */; };
		B0FA2FF02C394C9E00F1A00E /* landmarkData.json in Resources */ = {isa = PBXBuildFile; fileRef = B0FA2FEF2C394C9E00F1A00E /* landmarkData.json */; };
		B0FA2FF22C394CBF00F1A00E /* Landmark.swift in Sources */ = {isa = PBXBuildFile; fileRef = B0FA2FF12C394CBF00F1A00E /* Landmark.swift */; };
		B0FA2FF42C394DD500F1A00E /* ModelData.swift in Sources */ = {isa = PBXBuildFile; fileRef = B0FA2FF32C394DD500F1A00E /* ModelData.swift */; };
		B0FA2FFA2C394FA000F1A00E /* LandmarkRow.swift in Sources */ = {isa = PBXBuildFile; fileRef = B0FA2FF92C394FA000F1A00E /* LandmarkRow.swift */; };
		B0FA2FFC2C39522500F1A00E /* LandmarkList.swift in Sources */ = {isa = PBXBuildFile; fileRef = B0FA2FFB2C39522500F1A00E /* LandmarkList.swift */; };
		B0FA2FFE2C39537A00F1A00E /* LandmarkDetail.swift in Sources */ = {isa = PBXBuildFile; fileRef = B0FA2FFD2C39537A00F1A00E /* LandmarkDetail.swift */; };
/* End PBXBuildFile section */

/* Begin PBXFileReference section */
		B046E4B42CA5969600B8FC6E /* HikeBadge.swift */ = {isa = PBXFileReference; lastKnownFileType = sourcecode.swift; path = HikeBadge.swift; sourceTree = "<group>"; };
		B046E4B62CA59B1200B8FC6E /* ProfileEditor.swift */ = {isa = PBXFileReference; lastKnownFileType = sourcecode.swift; path = ProfileEditor.swift; sourceTree = "<group>"; };
		B0A986932C4D06430059C64A /* FavoriteButton.swift */ = {isa = PBXFileReference; lastKnownFileType = sourcecode.swift; path = FavoriteButton.swift; sourceTree = "<group>"; };
		B0C35F862C5E20A900555572 /* Profile.swift */ = {isa = PBXFileReference; lastKnownFileType = sourcecode.swift; path = Profile.swift; sourceTree = "<group>"; };
		B0C35F892C5E210300555572 /* ProfileHost.swift */ = {isa = PBXFileReference; lastKnownFileType = sourcecode.swift; path = ProfileHost.swift; sourceTree = "<group>"; };
		B0C35F8B2C5E219600555572 /* ProfileSummary.swift */ = {isa = PBXFileReference; lastKnownFileType = sourcecode.swift; path = ProfileSummary.swift; sourceTree = "<group>"; };
		B0C35F8D2C5E22A200555572 /* HexagonParameters.swift */ = {isa = PBXFileReference; lastKnownFileType = sourcecode.swift; path = HexagonParameters.swift; sourceTree = "<group>"; };
		B0C35F8F2C5E239600555572 /* BadgeBackground.swift */ = {isa = PBXFileReference; lastKnownFileType = sourcecode.swift; path = BadgeBackground.swift; sourceTree = "<group>"; };
		B0C35F912C5F43AA00555572 /* BadgeSymbol.swift */ = {isa = PBXFileReference; lastKnownFileType = sourcecode.swift; path = BadgeSymbol.swift; sourceTree = "<group>"; };
		B0C35F932C5F49D100555572 /* RotatedBadgeSymbol.swift */ = {isa = PBXFileReference; lastKnownFileType = sourcecode.swift; path = RotatedBadgeSymbol.swift; sourceTree = "<group>"; };
		B0C35F952C5F4A8C00555572 /* Badge.swift */ = {isa = PBXFileReference; lastKnownFileType = sourcecode.swift; path = Badge.swift; sourceTree = "<group>"; };
		B0C35F982C5F4E5400555572 /* hikeData.json */ = {isa = PBXFileReference; fileEncoding = 4; lastKnownFileType = text.json; path = hikeData.json; sourceTree = "<group>"; };
		B0C35F9A2C5F4E7100555572 /* Hike.swift */ = {isa = PBXFileReference; lastKnownFileType = sourcecode.swift; path = Hike.swift; sourceTree = "<group>"; };
		B0C35F9D2C5F4F2D00555572 /* GraphCapsule.swift */ = {isa = PBXFileReference; fileEncoding = 4; lastKnownFileType = sourcecode.swift; path = GraphCapsule.swift; sourceTree = "<group>"; };
		B0C35F9E2C5F4F2D00555572 /* HikeGraph.swift */ = {isa = PBXFileReference; fileEncoding = 4; lastKnownFileType = sourcecode.swift; path = HikeGraph.swift; sourceTree = "<group>"; };
		B0C35F9F2C5F4F2D00555572 /* HikeDetail.swift */ = {isa = PBXFileReference; fileEncoding = 4; lastKnownFileType = sourcecode.swift; path = HikeDetail.swift; sourceTree = "<group>"; };
		B0C35FA02C5F4F2D00555572 /* HikeView.swift */ = {isa = PBXFileReference; fileEncoding = 4; lastKnownFileType = sourcecode.swift; path = HikeView.swift; sourceTree = "<group>"; };
		B0C35FB12C5F965E00555572 /* CategoryHome.swift */ = {isa = PBXFileReference; lastKnownFileType = sourcecode.swift; path = CategoryHome.swift; sourceTree = "<group>"; };
		B0C35FB32C5FB41400555572 /* CategoryRow.swift */ = {isa = PBXFileReference; lastKnownFileType = sourcecode.swift; path = CategoryRow.swift; sourceTree = "<group>"; };
		B0C35FB52C5FB61600555572 /* CategoryItem.swift */ = {isa = PBXFileReference; lastKnownFileType = sourcecode.swift; path = CategoryItem.swift; sourceTree = "<group>"; };
		B0FA2FDA2C393FDE00F1A00E /* Landmarks.app */ = {isa = PBXFileReference; explicitFileType = wrapper.application; includeInIndex = 0; path = Landmarks.app; sourceTree = BUILT_PRODUCTS_DIR; };
		B0FA2FDD2C393FDE00F1A00E /* LandmarksApp.swift */ = {isa = PBXFileReference; lastKnownFileType = sourcecode.swift; path = LandmarksApp.swift; sourceTree = "<group>"; };
		B0FA2FDF2C393FDE00F1A00E /* ContentView.swift */ = {isa = PBXFileReference; lastKnownFileType = sourcecode.swift; path = ContentView.swift; sourceTree = "<group>"; };
		B0FA2FE12C393FE000F1A00E /* Assets.xcassets */ = {isa = PBXFileReference; lastKnownFileType = folder.assetcatalog; path = Assets.xcassets; sourceTree = "<group>"; };
		B0FA2FE42C393FE000F1A00E /* Preview Assets.xcassets */ = {isa = PBXFileReference; lastKnownFileType = folder.assetcatalog; path = "Preview Assets.xcassets"; sourceTree = "<group>"; };
		B0FA2FEB2C3942DF00F1A00E /* CircleImage.swift */ = {isa = PBXFileReference; lastKnownFileType = sourcecode.swift; path = CircleImage.swift; sourceTree = "<group>"; };
		B0FA2FED2C3943D700F1A00E /* MapView.swift */ = {isa = PBXFileReference; lastKnownFileType = sourcecode.swift; path = MapView.swift; sourceTree = "<group>"; };
		B0FA2FEF2C394C9E00F1A00E /* landmarkData.json */ = {isa = PBXFileReference; fileEncoding = 4; lastKnownFileType = text.json; path = landmarkData.json; sourceTree = "<group>"; };
		B0FA2FF12C394CBF00F1A00E /* Landmark.swift */ = {isa = PBXFileReference; lastKnownFileType = sourcecode.swift; path = Landmark.swift; sourceTree = "<group>"; };
		B0FA2FF32C394DD500F1A00E /* ModelData.swift */ = {isa = PBXFileReference; lastKnownFileType = sourcecode.swift; path = ModelData.swift; sourceTree = "<group>"; };
		B0FA2FF92C394FA000F1A00E /* LandmarkRow.swift */ = {isa = PBXFileReference; lastKnownFileType = sourcecode.swift; path = LandmarkRow.swift; sourceTree = "<group>"; };
		B0FA2FFB2C39522500F1A00E /* LandmarkList.swift */ = {isa = PBXFileReference; lastKnownFileType = sourcecode.swift; path = LandmarkList.swift; sourceTree = "<group>"; };
		B0FA2FFD2C39537A00F1A00E /* LandmarkDetail.swift */ = {isa = PBXFileReference; lastKnownFileType = sourcecode.swift; path = LandmarkDetail.swift; sourceTree = "<group>"; };
/* End PBXFileReference section */

/* Begin PBXFrameworksBuildPhase section */
		B0FA2FD72C393FDE00F1A00E /* Frameworks */ = {
			isa = PBXFrameworksBuildPhase;
			buildActionMask = 2147483647;
			files = (
			);
			runOnlyForDeploymentPostprocessing = 0;
		};
/* End PBXFrameworksBuildPhase section */

/* Begin PBXGroup section */
		B0A986952C4D07EB0059C64A /* Helper */ = {
			isa = PBXGroup;
			children = (
				B0FA2FEB2C3942DF00F1A00E /* CircleImage.swift */,
				B0FA2FED2C3943D700F1A00E /* MapView.swift */,
				B0A986932C4D06430059C64A /* FavoriteButton.swift */,
			);
			path = Helper;
			sourceTree = "<group>";
		};
		B0A986962C4D08070059C64A /* Landmarks */ = {
			isa = PBXGroup;
			children = (
				B0FA2FF92C394FA000F1A00E /* LandmarkRow.swift */,
				B0FA2FFB2C39522500F1A00E /* LandmarkList.swift */,
				B0FA2FFD2C39537A00F1A00E /* LandmarkDetail.swift */,
			);
			path = Landmarks;
			sourceTree = "<group>";
		};
		B0C35F882C5E20E200555572 /* Profiles */ = {
			isa = PBXGroup;
			children = (
				B0C35F892C5E210300555572 /* ProfileHost.swift */,
				B0C35F8B2C5E219600555572 /* ProfileSummary.swift */,
				B046E4B62CA59B1200B8FC6E /* ProfileEditor.swift */,
			);
			path = Profiles;
			sourceTree = "<group>";
		};
		B0C35F972C5F4D6700555572 /* Badges */ = {
			isa = PBXGroup;
			children = (
				B0C35F952C5F4A8C00555572 /* Badge.swift */,
				B0C35F912C5F43AA00555572 /* BadgeSymbol.swift */,
				B0C35F8F2C5E239600555572 /* BadgeBackground.swift */,
				B0C35F8D2C5E22A200555572 /* HexagonParameters.swift */,
				B0C35F932C5F49D100555572 /* RotatedBadgeSymbol.swift */,
			);
			path = Badges;
			sourceTree = "<group>";
		};
		B0C35F9C2C5F4F2D00555572 /* Hikes */ = {
			isa = PBXGroup;
			children = (
				B0C35F9D2C5F4F2D00555572 /* GraphCapsule.swift */,
				B0C35F9E2C5F4F2D00555572 /* HikeGraph.swift */,
				B0C35F9F2C5F4F2D00555572 /* HikeDetail.swift */,
				B0C35FA02C5F4F2D00555572 /* HikeView.swift */,
				B046E4B42CA5969600B8FC6E /* HikeBadge.swift */,
			);
			path = Hikes;
			sourceTree = "<group>";
		};
		B0C35FAE2C5F961F00555572 /* Categories */ = {
			isa = PBXGroup;
			children = (
				B0C35FB12C5F965E00555572 /* CategoryHome.swift */,
				B0C35FB32C5FB41400555572 /* CategoryRow.swift */,
				B0C35FB52C5FB61600555572 /* CategoryItem.swift */,
			);
			path = Categories;
			sourceTree = "<group>";
		};
		B0FA2FD12C393FDE00F1A00E = {
			isa = PBXGroup;
			children = (
				B0FA2FDC2C393FDE00F1A00E /* Landmarks */,
				B0FA2FDB2C393FDE00F1A00E /* Products */,
			);
			sourceTree = "<group>";
		};
		B0FA2FDB2C393FDE00F1A00E /* Products */ = {
			isa = PBXGroup;
			children = (
				B0FA2FDA2C393FDE00F1A00E /* Landmarks.app */,
			);
			name = Products;
			sourceTree = "<group>";
		};
		B0FA2FDC2C393FDE00F1A00E /* Landmarks */ = {
			isa = PBXGroup;
			children = (
				B0FA2FDD2C393FDE00F1A00E /* LandmarksApp.swift */,
				B0FA2FF82C394F6600F1A00E /* Views */,
				B0FA2FF72C394F2A00F1A00E /* Models */,
				B0FA2FE12C393FE000F1A00E /* Assets.xcassets */,
				B0FA2FE32C393FE000F1A00E /* Preview Content */,
				B0FA2FF52C394EC100F1A00E /* Resources */,
			);
			path = Landmarks;
			sourceTree = "<group>";
		};
		B0FA2FE32C393FE000F1A00E /* Preview Content */ = {
			isa = PBXGroup;
			children = (
				B0FA2FE42C393FE000F1A00E /* Preview Assets.xcassets */,
			);
			path = "Preview Content";
			sourceTree = "<group>";
		};
		B0FA2FF52C394EC100F1A00E /* Resources */ = {
			isa = PBXGroup;
			children = (
				B0FA2FEF2C394C9E00F1A00E /* landmarkData.json */,
				B0C35F982C5F4E5400555572 /* hikeData.json */,
			);
			path = Resources;
			sourceTree = "<group>";
		};
		B0FA2FF72C394F2A00F1A00E /* Models */ = {
			isa = PBXGroup;
			children = (
				B0FA2FF32C394DD500F1A00E /* ModelData.swift */,
				B0FA2FF12C394CBF00F1A00E /* Landmark.swift */,
				B0C35F862C5E20A900555572 /* Profile.swift */,
				B0C35F9A2C5F4E7100555572 /* Hike.swift */,
			);
			path = Models;
			sourceTree = "<group>";
		};
		B0FA2FF82C394F6600F1A00E /* Views */ = {
			isa = PBXGroup;
			children = (
				B0FA2FDF2C393FDE00F1A00E /* ContentView.swift */,
				B0C35F972C5F4D6700555572 /* Badges */,
				B0C35FAE2C5F961F00555572 /* Categories */,
				B0A986952C4D07EB0059C64A /* Helper */,
				B0A986962C4D08070059C64A /* Landmarks */,
				B0C35F9C2C5F4F2D00555572 /* Hikes */,
				B0C35F882C5E20E200555572 /* Profiles */,
			);
			path = Views;
			sourceTree = "<group>";
		};
/* End PBXGroup section */

/* Begin PBXNativeTarget section */
		B0FA2FD92C393FDE00F1A00E /* Landmarks */ = {
			isa = PBXNativeTarget;
			buildConfigurationList = B0FA2FE82C393FE000F1A00E /* Build configuration list for PBXNativeTarget "Landmarks" */;
			buildPhases = (
				B0FA2FD62C393FDE00F1A00E /* Sources */,
				B0FA2FD72C393FDE00F1A00E /* Frameworks */,
				B0FA2FD82C393FDE00F1A00E /* Resources */,
			);
			buildRules = (
			);
			dependencies = (
			);
			name = Landmarks;
			productName = Landmarks;
			productReference = B0FA2FDA2C393FDE00F1A00E /* Landmarks.app */;
			productType = "com.apple.product-type.application";
		};
/* End PBXNativeTarget section */

/* Begin PBXProject section */
		B0FA2FD22C393FDE00F1A00E /* Project object */ = {
			isa = PBXProject;
			attributes = {
				BuildIndependentTargetsInParallel = 1;
				LastSwiftUpdateCheck = 1420;
				LastUpgradeCheck = 1420;
				TargetAttributes = {
					B0FA2FD92C393FDE00F1A00E = {
						CreatedOnToolsVersion = 14.2;
					};
				};
			};
			buildConfigurationList = B0FA2FD52C393FDE00F1A00E /* Build configuration list for PBXProject "Landmarks" */;
			compatibilityVersion = "Xcode 14.0";
			developmentRegion = en;
			hasScannedForEncodings = 0;
			knownRegions = (
				en,
				Base,
			);
			mainGroup = B0FA2FD12C393FDE00F1A00E;
			productRefGroup = B0FA2FDB2C393FDE00F1A00E /* Products */;
			projectDirPath = "";
			projectRoot = "";
			targets = (
				B0FA2FD92C393FDE00F1A00E /* Landmarks */,
			);
		};
/* End PBXProject section */

/* Begin PBXResourcesBuildPhase section */
		B0FA2FD82C393FDE00F1A00E /* Resources */ = {
			isa = PBXResourcesBuildPhase;
			buildActionMask = 2147483647;
			files = (
				B0C35F992C5F4E5400555572 /* hikeData.json in Resources */,
				B0FA2FE52C393FE000F1A00E /* Preview Assets.xcassets in Resources */,
				B0FA2FE22C393FE000F1A00E /* Assets.xcassets in Resources */,
				B0FA2FF02C394C9E00F1A00E /* landmarkData.json in Resources */,
			);
			runOnlyForDeploymentPostprocessing = 0;
		};
/* End PBXResourcesBuildPhase section */

/* Begin PBXSourcesBuildPhase section */
		B0FA2FD62C393FDE00F1A00E /* Sources */ = {
			isa = PBXSourcesBuildPhase;
			buildActionMask = 2147483647;
			files = (
				B0C35FA12C5F4F2D00555572 /* GraphCapsule.swift in Sources */,
				B0C35F8E2C5E22A200555572 /* HexagonParameters.swift in Sources */,
				B0FA2FE02C393FDE00F1A00E /* ContentView.swift in Sources */,
				B0C35F902C5E239600555572 /* BadgeBackground.swift in Sources */,
				B0C35FB22C5F965E00555572 /* CategoryHome.swift in Sources */,
				B0C35FA22C5F4F2D00555572 /* HikeGraph.swift in Sources */,
				B0C35F9B2C5F4E7100555572 /* Hike.swift in Sources */,
				B0FA2FEE2C3943D700F1A00E /* MapView.swift in Sources */,
				B0C35FB62C5FB61600555572 /* CategoryItem.swift in Sources */,
				B0C35FA32C5F4F2D00555572 /* HikeDetail.swift in Sources */,
				B0FA2FDE2C393FDE00F1A00E /* LandmarksApp.swift in Sources */,
				B0C35F942C5F49D100555572 /* RotatedBadgeSymbol.swift in Sources */,
				B0C35F922C5F43AA00555572 /* BadgeSymbol.swift in Sources */,
				B0C35FB42C5FB41400555572 /* CategoryRow.swift in Sources */,
				B0C35F962C5F4A8C00555572 /* Badge.swift in Sources */,
				B0C35F8A2C5E210300555572 /* ProfileHost.swift in Sources */,
				B0A986942C4D06430059C64A /* FavoriteButton.swift in Sources */,
				B0FA2FFC2C39522500F1A00E /* LandmarkList.swift in Sources */,
				B046E4B72CA59B1200B8FC6E /* ProfileEditor.swift in Sources */,
				B0C35FA42C5F4F2D00555572 /* HikeView.swift in Sources */,
				B0FA2FFE2C39537A00F1A00E /* LandmarkDetail.swift in Sources */,
				B0FA2FEC2C3942DF00F1A00E /* CircleImage.swift in Sources */,
				B0FA2FF22C394CBF00F1A00E /* Landmark.swift in Sources */,
				B046E4B52CA5969600B8FC6E /* HikeBadge.swift in Sources */,
				B0C35F872C5E20A900555572 /* Profile.swift in Sources */,
				B0FA2FFA2C394FA000F1A00E /* LandmarkRow.swift in Sources */,
				B0FA2FF42C394DD500F1A00E /* ModelData.swift in Sources */,
				B0C35F8C2C5E219600555572 /* ProfileSummary.swift in Sources */,
			);
			runOnlyForDeploymentPostprocessing = 0;
		};
/* End PBXSourcesBuildPhase section */

/* Begin XCBuildConfiguration section */
		B0FA2FE62C393FE000F1A00E /* Debug */ = {
			isa = XCBuildConfiguration;
			buildSettings = {
				ALWAYS_SEARCH_USER_PATHS = NO;
				CLANG_ANALYZER_NONNULL = YES;
				CLANG_ANALYZER_NUMBER_OBJECT_CONVERSION = YES_AGGRESSIVE;
				CLANG_CXX_LANGUAGE_STANDARD = "gnu++20";
				CLANG_ENABLE_MODULES = YES;
				CLANG_ENABLE_OBJC_ARC = YES;
				CLANG_ENABLE_OBJC_WEAK = YES;
				CLANG_WARN_BLOCK_CAPTURE_AUTORELEASING = YES;
				CLANG_WARN_BOOL_CONVERSION = YES;
				CLANG_WARN_COMMA = YES;
				CLANG_WARN_CONSTANT_CONVERSION = YES;
				CLANG_WARN_DEPRECATED_OBJC_IMPLEMENTATIONS = YES;
				CLANG_WARN_DIRECT_OBJC_ISA_USAGE = YES_ERROR;
				CLANG_WARN_DOCUMENTATION_COMMENTS = YES;
				CLANG_WARN_EMPTY_BODY = YES;
				CLANG_WARN_ENUM_CONVERSION = YES;
				CLANG_WARN_INFINITE_RECURSION = YES;
				CLANG_WARN_INT_CONVERSION = YES;
				CLANG_WARN_NON_LITERAL_NULL_CONVERSION = YES;
				CLANG_WARN_OBJC_IMPLICIT_RETAIN_SELF = YES;
				CLANG_WARN_OBJC_LITERAL_CONVERSION = YES;
				CLANG_WARN_OBJC_ROOT_CLASS = YES_ERROR;
				CLANG_WARN_QUOTED_INCLUDE_IN_FRAMEWORK_HEADER = YES;
				CLANG_WARN_RANGE_LOOP_ANALYSIS = YES;
				CLANG_WARN_STRICT_PROTOTYPES = YES;
				CLANG_WARN_SUSPICIOUS_MOVE = YES;
				CLANG_WARN_UNGUARDED_AVAILABILITY = YES_AGGRESSIVE;
				CLANG_WARN_UNREACHABLE_CODE = YES;
				CLANG_WARN__DUPLICATE_METHOD_MATCH = YES;
				COPY_PHASE_STRIP = NO;
				DEBUG_INFORMATION_FORMAT = dwarf;
				ENABLE_STRICT_OBJC_MSGSEND = YES;
				ENABLE_TESTABILITY = YES;
				GCC_C_LANGUAGE_STANDARD = gnu11;
				GCC_DYNAMIC_NO_PIC = NO;
				GCC_NO_COMMON_BLOCKS = YES;
				GCC_OPTIMIZATION_LEVEL = 0;
				GCC_PREPROCESSOR_DEFINITIONS = (
					"DEBUG=1",
					"$(inherited)",
				);
				GCC_WARN_64_TO_32_BIT_CONVERSION = YES;
				GCC_WARN_ABOUT_RETURN_TYPE = YES_ERROR;
				GCC_WARN_UNDECLARED_SELECTOR = YES;
				GCC_WARN_UNINITIALIZED_AUTOS = YES_AGGRESSIVE;
				GCC_WARN_UNUSED_FUNCTION = YES;
				GCC_WARN_UNUSED_VARIABLE = YES;
				IPHONEOS_DEPLOYMENT_TARGET = 16.2;
				MTL_ENABLE_DEBUG_INFO = INCLUDE_SOURCE;
				MTL_FAST_MATH = YES;
				ONLY_ACTIVE_ARCH = YES;
				SDKROOT = iphoneos;
				SWIFT_ACTIVE_COMPILATION_CONDITIONS = DEBUG;
				SWIFT_OPTIMIZATION_LEVEL = "-Onone";
			};
			name = Debug;
		};
		B0FA2FE72C393FE000F1A00E /* Release */ = {
			isa = XCBuildConfiguration;
			buildSettings = {
				ALWAYS_SEARCH_USER_PATHS = NO;
				CLANG_ANALYZER_NONNULL = YES;
				CLANG_ANALYZER_NUMBER_OBJECT_CONVERSION = YES_AGGRESSIVE;
				CLANG_CXX_LANGUAGE_STANDARD = "gnu++20";
				CLANG_ENABLE_MODULES = YES;
				CLANG_ENABLE_OBJC_ARC = YES;
				CLANG_ENABLE_OBJC_WEAK = YES;
				CLANG_WARN_BLOCK_CAPTURE_AUTORELEASING = YES;
				CLANG_WARN_BOOL_CONVERSION = YES;
				CLANG_WARN_COMMA = YES;
				CLANG_WARN_CONSTANT_CONVERSION = YES;
				CLANG_WARN_DEPRECATED_OBJC_IMPLEMENTATIONS = YES;
				CLANG_WARN_DIRECT_OBJC_ISA_USAGE = YES_ERROR;
				CLANG_WARN_DOCUMENTATION_COMMENTS = YES;
				CLANG_WARN_EMPTY_BODY = YES;
				CLANG_WARN_ENUM_CONVERSION = YES;
				CLANG_WARN_INFINITE_RECURSION = YES;
				CLANG_WARN_INT_CONVERSION = YES;
				CLANG_WARN_NON_LITERAL_NULL_CONVERSION = YES;
				CLANG_WARN_OBJC_IMPLICIT_RETAIN_SELF = YES;
				CLANG_WARN_OBJC_LITERAL_CONVERSION = YES;
				CLANG_WARN_OBJC_ROOT_CLASS = YES_ERROR;
				CLANG_WARN_QUOTED_INCLUDE_IN_FRAMEWORK_HEADER = YES;
				CLANG_WARN_RANGE_LOOP_ANALYSIS = YES;
				CLANG_WARN_STRICT_PROTOTYPES = YES;
				CLANG_WARN_SUSPICIOUS_MOVE = YES;
				CLANG_WARN_UNGUARDED_AVAILABILITY = YES_AGGRESSIVE;
				CLANG_WARN_UNREACHABLE_CODE = YES;
				CLANG_WARN__DUPLICATE_METHOD_MATCH = YES;
				COPY_PHASE_STRIP = NO;
				DEBUG_INFORMATION_FORMAT = "dwarf-with-dsym";
				ENABLE_NS_ASSERTIONS = NO;
				ENABLE_STRICT_OBJC_MSGSEND = YES;
				GCC_C_LANGUAGE_STANDARD = gnu11;
				GCC_NO_COMMON_BLOCKS = YES;
				GCC_WARN_64_TO_32_BIT_CONVERSION = YES;
				GCC_WARN_ABOUT_RETURN_TYPE = YES_ERROR;
				GCC_WARN_UNDECLARED_SELECTOR = YES;
				GCC_WARN_UNINITIALIZED_AUTOS = YES_AGGRESSIVE;
				GCC_WARN_UNUSED_FUNCTION = YES;
				GCC_WARN_UNUSED_VARIABLE = YES;
				IPHONEOS_DEPLOYMENT_TARGET = 16.2;
				MTL_ENABLE_DEBUG_INFO = NO;
				MTL_FAST_MATH = YES;
				SDKROOT = iphoneos;
				SWIFT_COMPILATION_MODE = wholemodule;
				SWIFT_OPTIMIZATION_LEVEL = "-O";
				VALIDATE_PRODUCT = YES;
			};
			name = Release;
		};
		B0FA2FE92C393FE000F1A00E /* Debug */ = {
			isa = XCBuildConfiguration;
			buildSettings = {
				ASSETCATALOG_COMPILER_APPICON_NAME = AppIcon;
				ASSETCATALOG_COMPILER_GLOBAL_ACCENT_COLOR_NAME = AccentColor;
				CODE_SIGN_STYLE = Automatic;
				CURRENT_PROJECT_VERSION = 1;
				DEVELOPMENT_ASSET_PATHS = "\"Landmarks/Preview Content\"";
				ENABLE_PREVIEWS = YES;
				GENERATE_INFOPLIST_FILE = YES;
				INFOPLIST_KEY_UIApplicationSceneManifest_Generation = YES;
				INFOPLIST_KEY_UIApplicationSupportsIndirectInputEvents = YES;
				INFOPLIST_KEY_UILaunchScreen_Generation = YES;
				INFOPLIST_KEY_UISupportedInterfaceOrientations_iPad = "UIInterfaceOrientationPortrait UIInterfaceOrientationPortraitUpsideDown UIInterfaceOrientationLandscapeLeft UIInterfaceOrientationLandscapeRight";
				INFOPLIST_KEY_UISupportedInterfaceOrientations_iPhone = "UIInterfaceOrientationPortrait UIInterfaceOrientationLandscapeLeft UIInterfaceOrientationLandscapeRight";
				LD_RUNPATH_SEARCH_PATHS = (
					"$(inherited)",
					"@executable_path/Frameworks",
				);
				MARKETING_VERSION = 1.0;
				PRODUCT_BUNDLE_IDENTIFIER = com.example.tkyg.Landmarks;
				PRODUCT_NAME = "$(TARGET_NAME)";
				SWIFT_EMIT_LOC_STRINGS = YES;
				SWIFT_VERSION = 5.0;
				TARGETED_DEVICE_FAMILY = "1,2";
			};
			name = Debug;
		};
		B0FA2FEA2C393FE000F1A00E /* Release */ = {
			isa = XCBuildConfiguration;
			buildSettings = {
				ASSETCATALOG_COMPILER_APPICON_NAME = AppIcon;
				ASSETCATALOG_COMPILER_GLOBAL_ACCENT_COLOR_NAME = AccentColor;
				CODE_SIGN_STYLE = Automatic;
				CURRENT_PROJECT_VERSION = 1;
				DEVELOPMENT_ASSET_PATHS = "\"Landmarks/Preview Content\"";
				ENABLE_PREVIEWS = YES;
				GENERATE_INFOPLIST_FILE = YES;
				INFOPLIST_KEY_UIApplicationSceneManifest_Generation = YES;
				INFOPLIST_KEY_UIApplicationSupportsIndirectInputEvents = YES;
				INFOPLIST_KEY_UILaunchScreen_Generation = YES;
				INFOPLIST_KEY_UISupportedInterfaceOrientations_iPad = "UIInterfaceOrientationPortrait UIInterfaceOrientationPortraitUpsideDown UIInterfaceOrientationLandscapeLeft UIInterfaceOrientationLandscapeRight";
				INFOPLIST_KEY_UISupportedInterfaceOrientations_iPhone = "UIInterfaceOrientationPortrait UIInterfaceOrientationLandscapeLeft UIInterfaceOrientationLandscapeRight";
				LD_RUNPATH_SEARCH_PATHS = (
					"$(inherited)",
					"@executable_path/Frameworks",
				);
				MARKETING_VERSION = 1.0;
				PRODUCT_BUNDLE_IDENTIFIER = com.example.tkyg.Landmarks;
				PRODUCT_NAME = "$(TARGET_NAME)";
				SWIFT_EMIT_LOC_STRINGS = YES;
				SWIFT_VERSION = 5.0;
				TARGETED_DEVICE_FAMILY = "1,2";
			};
			name = Release;
		};
/* End XCBuildConfiguration section */

/* Begin XCConfigurationList section */
		B0FA2FD52C393FDE00F1A00E /* Build configuration list for PBXProject "Landmarks" */ = {
			isa = XCConfigurationList;
			buildConfigurations = (
				B0FA2FE62C393FE000F1A00E /* Debug */,
				B0FA2FE72C393FE000F1A00E /* Release */,
			);
			defaultConfigurationIsVisible = 0;
			defaultConfigurationName = Release;
		};
		B0FA2FE82C393FE000F1A00E /* Build configuration list for PBXNativeTarget "Landmarks" */ = {
			isa = XCConfigurationList;
			buildConfigurations = (
				B0FA2FE92C393FE000F1A00E /* Debug */,
				B0FA2FEA2C393FE000F1A00E /* Release */,
			);
			defaultConfigurationIsVisible = 0;
			defaultConfigurationName = Release;
		};
/* End XCConfigurationList section */
	};
	rootObject = B0FA2FD22C393FDE00F1A00E /* Project object */;
}
